
Microsoft Visual Studio Solution File, Format Version 12.00
# Visual Studio Version 16
VisualStudioVersion = 16.0.30104.148
MinimumVisualStudioVersion = 10.0.40219.1
Project("{FAE04EC0-301F-11D3-BF4B-00C04F79EFBC}") = "DemoUI", "DemoUI\DemoUI.csproj", "{32C45BC8-8DD3-44F6-8406-2273654B1B11}"
EndProject
Project("{FAE04EC0-301F-11D3-BF4B-00C04F79EFBC}") = "DemoUILibrary", "DemoUILibrary\DemoUILibrary.csproj", "{09DAF64A-312A-498C-AEF4-719BFF397E13}"
EndProject
Global
	GlobalSection(SolutionConfigurationPlatforms) = preSolution
		Debug|Any CPU = Debug|Any CPU
		Release|Any CPU = Release|Any CPU
	EndGlobalSection
	GlobalSection(ProjectConfigurationPlatforms) = postSolution
		{32C45BC8-8DD3-44F6-8406-2273654B1B11}.Debug|Any CPU.ActiveCfg = Debug|Any CPU
		{32C45BC8-8DD3-44F6-8406-2273654B1B11}.Debug|Any CPU.Build.0 = Debug|Any CPU
		{32C45BC8-8DD3-44F6-8406-2273654B1B11}.Release|Any CPU.ActiveCfg = Release|Any CPU
		{32C45BC8-8DD3-44F6-8406-2273654B1B11}.Release|Any CPU.Build.0 = Release|Any CPU
		{09DAF64A-312A-498C-AEF4-719BFF397E13}.Debug|Any CPU.ActiveCfg = Debug|Any CPU
		{09DAF64A-312A-498C-AEF4-719BFF397E13}.Debug|Any CPU.Build.0 = Debug|Any CPU
		{09DAF64A-312A-498C-AEF4-719BFF397E13}.Release|Any CPU.ActiveCfg = Release|Any CPU
		{09DAF64A-312A-498C-AEF4-719BFF397E13}.Release|Any CPU.Build.0 = Release|Any CPU
	EndGlobalSection
	GlobalSection(SolutionProperties) = preSolution
		HideSolutionNode = FALSE
	EndGlobalSection
	GlobalSection(ExtensibilityGlobals) = postSolution
		SolutionGuid = {ACCABD8B-7846-4244-95D8-5A30C00DE108}
	EndGlobalSection
EndGlobal
